// !$*UTF8*$!
{
	archiveVersion = 1;
	classes = {
	};
	objectVersion = 48;
	objects = {

/* Begin PBXBuildFile section */
		3F2BBCA4207065A3002D9C36 /* Genre.swift in Sources */ = {isa = PBXBuildFile; fileRef = 3F2BBCA3207065A3002D9C36 /* Genre.swift */; };
		3F4AE3A12036AAA5002B06CE /* AppDelegate.swift in Sources */ = {isa = PBXBuildFile; fileRef = 3F4AE3A02036AAA5002B06CE /* AppDelegate.swift */; };
		3F4AE3A32036AAA5002B06CE /* ViewController.swift in Sources */ = {isa = PBXBuildFile; fileRef = 3F4AE3A22036AAA5002B06CE /* ViewController.swift */; };
		3F4AE3A62036AAA5002B06CE /* Main.storyboard in Resources */ = {isa = PBXBuildFile; fileRef = 3F4AE3A42036AAA5002B06CE /* Main.storyboard */; };
		3F4AE3A82036AAA6002B06CE /* Assets.xcassets in Resources */ = {isa = PBXBuildFile; fileRef = 3F4AE3A72036AAA6002B06CE /* Assets.xcassets */; };
		3F4AE3AB2036AAA6002B06CE /* LaunchScreen.storyboard in Resources */ = {isa = PBXBuildFile; fileRef = 3F4AE3A92036AAA6002B06CE /* LaunchScreen.storyboard */; };
		3F759BFA2087DC8500F4C3F4 /* ForgotPasswordViewController.swift in Sources */ = {isa = PBXBuildFile; fileRef = 3F759BF92087DC8500F4C3F4 /* ForgotPasswordViewController.swift */; };
		3F759BFC2087F86E00F4C3F4 /* EndDatePickerViewController.swift in Sources */ = {isa = PBXBuildFile; fileRef = 3F759BFB2087F86E00F4C3F4 /* EndDatePickerViewController.swift */; };
		3F85A94E2082AFC9000AD816 /* SellerDescriptionViewController.swift in Sources */ = {isa = PBXBuildFile; fileRef = 3F85A94D2082AFC9000AD816 /* SellerDescriptionViewController.swift */; };
		3FAFE6DF205387AF006EDF5D /* GameInfoViewController.swift in Sources */ = {isa = PBXBuildFile; fileRef = 3FAFE6DE205387AF006EDF5D /* GameInfoViewController.swift */; };
		3FB3062F2053921200FFE464 /* PickerViewController.swift in Sources */ = {isa = PBXBuildFile; fileRef = 3FB3062E2053921200FFE464 /* PickerViewController.swift */; };
		3FB306312053956400FFE464 /* PostAdViewController.swift in Sources */ = {isa = PBXBuildFile; fileRef = 3FB306302053956400FFE464 /* PostAdViewController.swift */; };
		3FEED45620532BEE00CEC59A /* Model.swift in Sources */ = {isa = PBXBuildFile; fileRef = 3FEED45520532BEE00CEC59A /* Model.swift */; };
		3FEED45820532DBC00CEC59A /* LoginViewController.swift in Sources */ = {isa = PBXBuildFile; fileRef = 3FEED45720532DBC00CEC59A /* LoginViewController.swift */; };
		3FF68FAA20534A9800FAA3AF /* GameTableViewCell.swift in Sources */ = {isa = PBXBuildFile; fileRef = 3FF68FA920534A9800FAA3AF /* GameTableViewCell.swift */; };
		3FF68FAC20534B1000FAA3AF /* GamesTableViewController.swift in Sources */ = {isa = PBXBuildFile; fileRef = 3FF68FAB20534B1000FAA3AF /* GamesTableViewController.swift */; };
		4ACEC3D4208D802F00BB5220 /* PostsTableViewController.swift in Sources */ = {isa = PBXBuildFile; fileRef = 4ACEC3D3208D802F00BB5220 /* PostsTableViewController.swift */; };
		4ACEC3D6208D81A500BB5220 /* PostViewController.swift in Sources */ = {isa = PBXBuildFile; fileRef = 4ACEC3D5208D81A500BB5220 /* PostViewController.swift */; };
		4ACEC3D8208D878C00BB5220 /* PostTableViewCell.swift in Sources */ = {isa = PBXBuildFile; fileRef = 4ACEC3D7208D878C00BB5220 /* PostTableViewCell.swift */; };
		EA189303D94BD07D9BFC988D /* Pods_Joystick_Junkies.framework in Frameworks */ = {isa = PBXBuildFile; fileRef = C1F0CC06704D60F0B6E0DE76 /* Pods_Joystick_Junkies.framework */; };
/* End PBXBuildFile section */

/* Begin PBXFileReference section */
		3F2BBCA3207065A3002D9C36 /* Genre.swift */ = {isa = PBXFileReference; lastKnownFileType = sourcecode.swift; path = Genre.swift; sourceTree = "<group>"; };
		3F4AE39D2036AAA5002B06CE /* Joystick Junkies.app */ = {isa = PBXFileReference; explicitFileType = wrapper.application; includeInIndex = 0; path = "Joystick Junkies.app"; sourceTree = BUILT_PRODUCTS_DIR; };
		3F4AE3A02036AAA5002B06CE /* AppDelegate.swift */ = {isa = PBXFileReference; lastKnownFileType = sourcecode.swift; path = AppDelegate.swift; sourceTree = "<group>"; };
		3F4AE3A22036AAA5002B06CE /* ViewController.swift */ = {isa = PBXFileReference; lastKnownFileType = sourcecode.swift; path = ViewController.swift; sourceTree = "<group>"; };
		3F4AE3A52036AAA5002B06CE /* Base */ = {isa = PBXFileReference; lastKnownFileType = file.storyboard; name = Base; path = Base.lproj/Main.storyboard; sourceTree = "<group>"; };
		3F4AE3A72036AAA6002B06CE /* Assets.xcassets */ = {isa = PBXFileReference; lastKnownFileType = folder.assetcatalog; path = Assets.xcassets; sourceTree = "<group>"; };
		3F4AE3AA2036AAA6002B06CE /* Base */ = {isa = PBXFileReference; lastKnownFileType = file.storyboard; name = Base; path = Base.lproj/LaunchScreen.storyboard; sourceTree = "<group>"; };
		3F4AE3AC2036AAA6002B06CE /* Info.plist */ = {isa = PBXFileReference; lastKnownFileType = text.plist.xml; path = Info.plist; sourceTree = "<group>"; };
		3F759BF92087DC8500F4C3F4 /* ForgotPasswordViewController.swift */ = {isa = PBXFileReference; lastKnownFileType = sourcecode.swift; path = ForgotPasswordViewController.swift; sourceTree = "<group>"; };
		3F759BFB2087F86E00F4C3F4 /* EndDatePickerViewController.swift */ = {isa = PBXFileReference; lastKnownFileType = sourcecode.swift; path = EndDatePickerViewController.swift; sourceTree = "<group>"; };
		3F85A94D2082AFC9000AD816 /* SellerDescriptionViewController.swift */ = {isa = PBXFileReference; lastKnownFileType = sourcecode.swift; path = SellerDescriptionViewController.swift; sourceTree = "<group>"; };
		3FAFE6DE205387AF006EDF5D /* GameInfoViewController.swift */ = {isa = PBXFileReference; lastKnownFileType = sourcecode.swift; path = GameInfoViewController.swift; sourceTree = "<group>"; };
		3FB3062E2053921200FFE464 /* PickerViewController.swift */ = {isa = PBXFileReference; lastKnownFileType = sourcecode.swift; path = PickerViewController.swift; sourceTree = "<group>"; };
		3FB306302053956400FFE464 /* PostAdViewController.swift */ = {isa = PBXFileReference; lastKnownFileType = sourcecode.swift; path = PostAdViewController.swift; sourceTree = "<group>"; };
		3FEED45520532BEE00CEC59A /* Model.swift */ = {isa = PBXFileReference; lastKnownFileType = sourcecode.swift; path = Model.swift; sourceTree = "<group>"; };
		3FEED45720532DBC00CEC59A /* LoginViewController.swift */ = {isa = PBXFileReference; lastKnownFileType = sourcecode.swift; path = LoginViewController.swift; sourceTree = "<group>"; };
		3FF68FA920534A9800FAA3AF /* GameTableViewCell.swift */ = {isa = PBXFileReference; lastKnownFileType = sourcecode.swift; path = GameTableViewCell.swift; sourceTree = "<group>"; };
		3FF68FAB20534B1000FAA3AF /* GamesTableViewController.swift */ = {isa = PBXFileReference; lastKnownFileType = sourcecode.swift; path = GamesTableViewController.swift; sourceTree = "<group>"; };
		474FE03EE6A7BC93C5EF6284 /* Pods-Joystick Junkies.release.xcconfig */ = {isa = PBXFileReference; includeInIndex = 1; lastKnownFileType = text.xcconfig; name = "Pods-Joystick Junkies.release.xcconfig"; path = "Pods/Target Support Files/Pods-Joystick Junkies/Pods-Joystick Junkies.release.xcconfig"; sourceTree = "<group>"; };
		4ACEC3D3208D802F00BB5220 /* PostsTableViewController.swift */ = {isa = PBXFileReference; lastKnownFileType = sourcecode.swift; path = PostsTableViewController.swift; sourceTree = "<group>"; };
		4ACEC3D5208D81A500BB5220 /* PostViewController.swift */ = {isa = PBXFileReference; lastKnownFileType = sourcecode.swift; path = PostViewController.swift; sourceTree = "<group>"; };
		4ACEC3D7208D878C00BB5220 /* PostTableViewCell.swift */ = {isa = PBXFileReference; lastKnownFileType = sourcecode.swift; path = PostTableViewCell.swift; sourceTree = "<group>"; };
		6F18D9F330169BF4BAEEC064 /* Pods-Joystick Junkies.debug.xcconfig */ = {isa = PBXFileReference; includeInIndex = 1; lastKnownFileType = text.xcconfig; name = "Pods-Joystick Junkies.debug.xcconfig"; path = "Pods/Target Support Files/Pods-Joystick Junkies/Pods-Joystick Junkies.debug.xcconfig"; sourceTree = "<group>"; };
		C1F0CC06704D60F0B6E0DE76 /* Pods_Joystick_Junkies.framework */ = {isa = PBXFileReference; explicitFileType = wrapper.framework; includeInIndex = 0; path = Pods_Joystick_Junkies.framework; sourceTree = BUILT_PRODUCTS_DIR; };
/* End PBXFileReference section */

/* Begin PBXFrameworksBuildPhase section */
		3F4AE39A2036AAA5002B06CE /* Frameworks */ = {
			isa = PBXFrameworksBuildPhase;
			buildActionMask = 2147483647;
			files = (
				EA189303D94BD07D9BFC988D /* Pods_Joystick_Junkies.framework in Frameworks */,
			);
			runOnlyForDeploymentPostprocessing = 0;
		};
/* End PBXFrameworksBuildPhase section */

/* Begin PBXGroup section */
		3F4AE3942036AAA5002B06CE = {
			isa = PBXGroup;
			children = (
				3F4AE39F2036AAA5002B06CE /* Joystick Junkies */,
				3F4AE39E2036AAA5002B06CE /* Products */,
				CF52EC6D9528A988166BACAE /* Pods */,
				ACF56C38EDFE4092F35ECE2B /* Frameworks */,
			);
			sourceTree = "<group>";
		};
		3F4AE39E2036AAA5002B06CE /* Products */ = {
			isa = PBXGroup;
			children = (
				3F4AE39D2036AAA5002B06CE /* Joystick Junkies.app */,
			);
			name = Products;
			sourceTree = "<group>";
		};
		3F4AE39F2036AAA5002B06CE /* Joystick Junkies */ = {
			isa = PBXGroup;
			children = (
				3F4AE3A02036AAA5002B06CE /* AppDelegate.swift */,
				3F4AE3A22036AAA5002B06CE /* ViewController.swift */,
				3F4AE3A42036AAA5002B06CE /* Main.storyboard */,
				4ACEC3D7208D878C00BB5220 /* PostTableViewCell.swift */,
				4ACEC3D5208D81A500BB5220 /* PostViewController.swift */,
				4ACEC3D3208D802F00BB5220 /* PostsTableViewController.swift */,
				3F759BFB2087F86E00F4C3F4 /* EndDatePickerViewController.swift */,
				3F759BF92087DC8500F4C3F4 /* ForgotPasswordViewController.swift */,
				3F85A94D2082AFC9000AD816 /* SellerDescriptionViewController.swift */,
				3FB306302053956400FFE464 /* PostAdViewController.swift */,
				3F2BBCA3207065A3002D9C36 /* Genre.swift */,
				3FB3062E2053921200FFE464 /* PickerViewController.swift */,
				3FAFE6DE205387AF006EDF5D /* GameInfoViewController.swift */,
				3FF68FAB20534B1000FAA3AF /* GamesTableViewController.swift */,
				3FF68FA920534A9800FAA3AF /* GameTableViewCell.swift */,
				3FEED45720532DBC00CEC59A /* LoginViewController.swift */,
				3FEED45520532BEE00CEC59A /* Model.swift */,
				3F4AE3A72036AAA6002B06CE /* Assets.xcassets */,
				3F4AE3A92036AAA6002B06CE /* LaunchScreen.storyboard */,
				3F4AE3AC2036AAA6002B06CE /* Info.plist */,
			);
			path = "Joystick Junkies";
			sourceTree = "<group>";
		};
		ACF56C38EDFE4092F35ECE2B /* Frameworks */ = {
			isa = PBXGroup;
			children = (
				C1F0CC06704D60F0B6E0DE76 /* Pods_Joystick_Junkies.framework */,
			);
			name = Frameworks;
			sourceTree = "<group>";
		};
		CF52EC6D9528A988166BACAE /* Pods */ = {
			isa = PBXGroup;
			children = (
				6F18D9F330169BF4BAEEC064 /* Pods-Joystick Junkies.debug.xcconfig */,
				474FE03EE6A7BC93C5EF6284 /* Pods-Joystick Junkies.release.xcconfig */,
			);
			name = Pods;
			sourceTree = "<group>";
		};
/* End PBXGroup section */

/* Begin PBXNativeTarget section */
		3F4AE39C2036AAA5002B06CE /* Joystick Junkies */ = {
			isa = PBXNativeTarget;
			buildConfigurationList = 3F4AE3AF2036AAA6002B06CE /* Build configuration list for PBXNativeTarget "Joystick Junkies" */;
			buildPhases = (
				0DEF12679FDDC7B4F7880D6A /* [CP] Check Pods Manifest.lock */,
				3F4AE3992036AAA5002B06CE /* Sources */,
				3F4AE39A2036AAA5002B06CE /* Frameworks */,
				3F4AE39B2036AAA5002B06CE /* Resources */,
				CEA8F3119AD4B433C67926F8 /* [CP] Embed Pods Frameworks */,
				AA3A7A707BA35599E0EC5936 /* [CP] Copy Pods Resources */,
			);
			buildRules = (
			);
			dependencies = (
			);
			name = "Joystick Junkies";
			productName = "Joystick Junkies";
			productReference = 3F4AE39D2036AAA5002B06CE /* Joystick Junkies.app */;
			productType = "com.apple.product-type.application";
		};
/* End PBXNativeTarget section */

/* Begin PBXProject section */
		3F4AE3952036AAA5002B06CE /* Project object */ = {
			isa = PBXProject;
			attributes = {
				LastSwiftUpdateCheck = 0920;
				LastUpgradeCheck = 0920;
				ORGANIZATIONNAME = student;
				TargetAttributes = {
					3F4AE39C2036AAA5002B06CE = {
						CreatedOnToolsVersion = 9.2;
						ProvisioningStyle = Automatic;
					};
				};
			};
			buildConfigurationList = 3F4AE3982036AAA5002B06CE /* Build configuration list for PBXProject "Joystick Junkies" */;
			compatibilityVersion = "Xcode 8.0";
			developmentRegion = en;
			hasScannedForEncodings = 0;
			knownRegions = (
				en,
				Base,
			);
			mainGroup = 3F4AE3942036AAA5002B06CE;
			productRefGroup = 3F4AE39E2036AAA5002B06CE /* Products */;
			projectDirPath = "";
			projectRoot = "";
			targets = (
				3F4AE39C2036AAA5002B06CE /* Joystick Junkies */,
			);
		};
/* End PBXProject section */

/* Begin PBXResourcesBuildPhase section */
		3F4AE39B2036AAA5002B06CE /* Resources */ = {
			isa = PBXResourcesBuildPhase;
			buildActionMask = 2147483647;
			files = (
				3F4AE3AB2036AAA6002B06CE /* LaunchScreen.storyboard in Resources */,
				3F4AE3A82036AAA6002B06CE /* Assets.xcassets in Resources */,
				3F4AE3A62036AAA5002B06CE /* Main.storyboard in Resources */,
			);
			runOnlyForDeploymentPostprocessing = 0;
		};
/* End PBXResourcesBuildPhase section */

/* Begin PBXShellScriptBuildPhase section */
		0DEF12679FDDC7B4F7880D6A /* [CP] Check Pods Manifest.lock */ = {
			isa = PBXShellScriptBuildPhase;
			buildActionMask = 8;
			files = (
			);
			inputPaths = (
				"${PODS_PODFILE_DIR_PATH}/Podfile.lock",
				"${PODS_ROOT}/Manifest.lock",
			);
			name = "[CP] Check Pods Manifest.lock";
			outputPaths = (
				"$(DERIVED_FILE_DIR)/Pods-Joystick Junkies-checkManifestLockResult.txt",
			);
			runOnlyForDeploymentPostprocessing = 1;
			shellPath = /bin/sh;
			shellScript = "diff \"${PODS_PODFILE_DIR_PATH}/Podfile.lock\" \"${PODS_ROOT}/Manifest.lock\" > /dev/null\nif [ $? != 0 ] ; then\n    # print error to STDERR\n    echo \"error: The sandbox is not in sync with the Podfile.lock. Run 'pod install' or update your CocoaPods installation.\" >&2\n    exit 1\nfi\n# This output is used by Xcode 'outputs' to avoid re-running this script phase.\necho \"SUCCESS\" > \"${SCRIPT_OUTPUT_FILE_0}\"\n";
		};
		AA3A7A707BA35599E0EC5936 /* [CP] Copy Pods Resources */ = {
			isa = PBXShellScriptBuildPhase;
			buildActionMask = 2147483647;
			files = (
			);
			inputPaths = (
			);
			name = "[CP] Copy Pods Resources";
			outputPaths = (
			);
			runOnlyForDeploymentPostprocessing = 0;
			shellPath = /bin/sh;
			shellScript = "\"${SRCROOT}/Pods/Target Support Files/Pods-Joystick Junkies/Pods-Joystick Junkies-resources.sh\"\n";
			showEnvVarsInLog = 0;
		};
		CEA8F3119AD4B433C67926F8 /* [CP] Embed Pods Frameworks */ = {
			isa = PBXShellScriptBuildPhase;
			buildActionMask = 2147483647;
			files = (
			);
			inputPaths = (
				"${SRCROOT}/Pods/Target Support Files/Pods-Joystick Junkies/Pods-Joystick Junkies-frameworks.sh",
				"${BUILT_PRODUCTS_DIR}/Bolts/Bolts.framework",
				"${BUILT_PRODUCTS_DIR}/Parse/Parse.framework",
			);
			name = "[CP] Embed Pods Frameworks";
			outputPaths = (
				"${TARGET_BUILD_DIR}/${FRAMEWORKS_FOLDER_PATH}/Bolts.framework",
				"${TARGET_BUILD_DIR}/${FRAMEWORKS_FOLDER_PATH}/Parse.framework",
			);
			runOnlyForDeploymentPostprocessing = 0;
			shellPath = /bin/sh;
			shellScript = "\"${SRCROOT}/Pods/Target Support Files/Pods-Joystick Junkies/Pods-Joystick Junkies-frameworks.sh\"\n";
			showEnvVarsInLog = 0;
		};
/* End PBXShellScriptBuildPhase section */

/* Begin PBXSourcesBuildPhase section */
		3F4AE3992036AAA5002B06CE /* Sources */ = {
			isa = PBXSourcesBuildPhase;
			buildActionMask = 2147483647;
			files = (
				3F759BFC2087F86E00F4C3F4 /* EndDatePickerViewController.swift in Sources */,
				3FF68FAA20534A9800FAA3AF /* GameTableViewCell.swift in Sources */,
				3F85A94E2082AFC9000AD816 /* SellerDescriptionViewController.swift in Sources */,
				3FF68FAC20534B1000FAA3AF /* GamesTableViewController.swift in Sources */,
				3FB3062F2053921200FFE464 /* PickerViewController.swift in Sources */,
				3FEED45820532DBC00CEC59A /* LoginViewController.swift in Sources */,
				3FB306312053956400FFE464 /* PostAdViewController.swift in Sources */,
				3FEED45620532BEE00CEC59A /* Model.swift in Sources */,
				3F4AE3A32036AAA5002B06CE /* ViewController.swift in Sources */,
				4ACEC3D6208D81A500BB5220 /* PostViewController.swift in Sources */,
				3F759BFA2087DC8500F4C3F4 /* ForgotPasswordViewController.swift in Sources */,
				4ACEC3D8208D878C00BB5220 /* PostTableViewCell.swift in Sources */,
				3F4AE3A12036AAA5002B06CE /* AppDelegate.swift in Sources */,
				3FAFE6DF205387AF006EDF5D /* GameInfoViewController.swift in Sources */,
				3F2BBCA4207065A3002D9C36 /* Genre.swift in Sources */,
				4ACEC3D4208D802F00BB5220 /* PostsTableViewController.swift in Sources */,
			);
			runOnlyForDeploymentPostprocessing = 0;
		};
/* End PBXSourcesBuildPhase section */

/* Begin PBXVariantGroup section */
		3F4AE3A42036AAA5002B06CE /* Main.storyboard */ = {
			isa = PBXVariantGroup;
			children = (
				3F4AE3A52036AAA5002B06CE /* Base */,
			);
			name = Main.storyboard;
			sourceTree = "<group>";
		};
		3F4AE3A92036AAA6002B06CE /* LaunchScreen.storyboard */ = {
			isa = PBXVariantGroup;
			children = (
				3F4AE3AA2036AAA6002B06CE /* Base */,
			);
			name = LaunchScreen.storyboard;
			sourceTree = "<group>";
		};
/* End PBXVariantGroup section */

/* Begin XCBuildConfiguration section */
		3F4AE3AD2036AAA6002B06CE /* Debug */ = {
			isa = XCBuildConfiguration;
			buildSettings = {
				ALWAYS_SEARCH_USER_PATHS = NO;
				CLANG_ANALYZER_NONNULL = YES;
				CLANG_ANALYZER_NUMBER_OBJECT_CONVERSION = YES_AGGRESSIVE;
				CLANG_CXX_LANGUAGE_STANDARD = "gnu++14";
				CLANG_CXX_LIBRARY = "libc++";
				CLANG_ENABLE_MODULES = YES;
				CLANG_ENABLE_OBJC_ARC = YES;
				CLANG_WARN_BLOCK_CAPTURE_AUTORELEASING = YES;
				CLANG_WARN_BOOL_CONVERSION = YES;
				CLANG_WARN_COMMA = YES;
				CLANG_WARN_CONSTANT_CONVERSION = YES;
				CLANG_WARN_DIRECT_OBJC_ISA_USAGE = YES_ERROR;
				CLANG_WARN_DOCUMENTATION_COMMENTS = YES;
				CLANG_WARN_EMPTY_BODY = YES;
				CLANG_WARN_ENUM_CONVERSION = YES;
				CLANG_WARN_INFINITE_RECURSION = YES;
				CLANG_WARN_INT_CONVERSION = YES;
				CLANG_WARN_NON_LITERAL_NULL_CONVERSION = YES;
				CLANG_WARN_OBJC_LITERAL_CONVERSION = YES;
				CLANG_WARN_OBJC_ROOT_CLASS = YES_ERROR;
				CLANG_WARN_RANGE_LOOP_ANALYSIS = YES;
				CLANG_WARN_STRICT_PROTOTYPES = YES;
				CLANG_WARN_SUSPICIOUS_MOVE = YES;
				CLANG_WARN_UNGUARDED_AVAILABILITY = YES_AGGRESSIVE;
				CLANG_WARN_UNREACHABLE_CODE = YES;
				CLANG_WARN__DUPLICATE_METHOD_MATCH = YES;
				CODE_SIGN_IDENTITY = "iPhone Developer";
				COPY_PHASE_STRIP = NO;
				DEBUG_INFORMATION_FORMAT = dwarf;
				ENABLE_STRICT_OBJC_MSGSEND = YES;
				ENABLE_TESTABILITY = YES;
				GCC_C_LANGUAGE_STANDARD = gnu11;
				GCC_DYNAMIC_NO_PIC = NO;
				GCC_NO_COMMON_BLOCKS = YES;
				GCC_OPTIMIZATION_LEVEL = 0;
				GCC_PREPROCESSOR_DEFINITIONS = (
					"DEBUG=1",
					"$(inherited)",
				);
				GCC_WARN_64_TO_32_BIT_CONVERSION = YES;
				GCC_WARN_ABOUT_RETURN_TYPE = YES_ERROR;
				GCC_WARN_UNDECLARED_SELECTOR = YES;
				GCC_WARN_UNINITIALIZED_AUTOS = YES_AGGRESSIVE;
				GCC_WARN_UNUSED_FUNCTION = YES;
				GCC_WARN_UNUSED_VARIABLE = YES;
				IPHONEOS_DEPLOYMENT_TARGET = 11.2;
				MTL_ENABLE_DEBUG_INFO = YES;
				ONLY_ACTIVE_ARCH = YES;
				SDKROOT = iphoneos;
				SWIFT_ACTIVE_COMPILATION_CONDITIONS = DEBUG;
				SWIFT_OPTIMIZATION_LEVEL = "-Onone";
			};
			name = Debug;
		};
		3F4AE3AE2036AAA6002B06CE /* Release */ = {
			isa = XCBuildConfiguration;
			buildSettings = {
				ALWAYS_SEARCH_USER_PATHS = NO;
				CLANG_ANALYZER_NONNULL = YES;
				CLANG_ANALYZER_NUMBER_OBJECT_CONVERSION = YES_AGGRESSIVE;
				CLANG_CXX_LANGUAGE_STANDARD = "gnu++14";
				CLANG_CXX_LIBRARY = "libc++";
				CLANG_ENABLE_MODULES = YES;
				CLANG_ENABLE_OBJC_ARC = YES;
				CLANG_WARN_BLOCK_CAPTURE_AUTORELEASING = YES;
				CLANG_WARN_BOOL_CONVERSION = YES;
				CLANG_WARN_COMMA = YES;
				CLANG_WARN_CONSTANT_CONVERSION = YES;
				CLANG_WARN_DIRECT_OBJC_ISA_USAGE = YES_ERROR;
				CLANG_WARN_DOCUMENTATION_COMMENTS = YES;
				CLANG_WARN_EMPTY_BODY = YES;
				CLANG_WARN_ENUM_CONVERSION = YES;
				CLANG_WARN_INFINITE_RECURSION = YES;
				CLANG_WARN_INT_CONVERSION = YES;
				CLANG_WARN_NON_LITERAL_NULL_CONVERSION = YES;
				CLANG_WARN_OBJC_LITERAL_CONVERSION = YES;
				CLANG_WARN_OBJC_ROOT_CLASS = YES_ERROR;
				CLANG_WARN_RANGE_LOOP_ANALYSIS = YES;
				CLANG_WARN_STRICT_PROTOTYPES = YES;
				CLANG_WARN_SUSPICIOUS_MOVE = YES;
				CLANG_WARN_UNGUARDED_AVAILABILITY = YES_AGGRESSIVE;
				CLANG_WARN_UNREACHABLE_CODE = YES;
				CLANG_WARN__DUPLICATE_METHOD_MATCH = YES;
				CODE_SIGN_IDENTITY = "iPhone Developer";
				COPY_PHASE_STRIP = NO;
				DEBUG_INFORMATION_FORMAT = "dwarf-with-dsym";
				ENABLE_NS_ASSERTIONS = NO;
				ENABLE_STRICT_OBJC_MSGSEND = YES;
				GCC_C_LANGUAGE_STANDARD = gnu11;
				GCC_NO_COMMON_BLOCKS = YES;
				GCC_WARN_64_TO_32_BIT_CONVERSION = YES;
				GCC_WARN_ABOUT_RETURN_TYPE = YES_ERROR;
				GCC_WARN_UNDECLARED_SELECTOR = YES;
				GCC_WARN_UNINITIALIZED_AUTOS = YES_AGGRESSIVE;
				GCC_WARN_UNUSED_FUNCTION = YES;
				GCC_WARN_UNUSED_VARIABLE = YES;
				IPHONEOS_DEPLOYMENT_TARGET = 11.2;
				MTL_ENABLE_DEBUG_INFO = NO;
				SDKROOT = iphoneos;
				SWIFT_OPTIMIZATION_LEVEL = "-Owholemodule";
				VALIDATE_PRODUCT = YES;
			};
			name = Release;
		};
		3F4AE3B02036AAA6002B06CE /* Debug */ = {
			isa = XCBuildConfiguration;
			baseConfigurationReference = 6F18D9F330169BF4BAEEC064 /* Pods-Joystick Junkies.debug.xcconfig */;
			buildSettings = {
				ASSETCATALOG_COMPILER_APPICON_NAME = AppIcon;
				CODE_SIGN_STYLE = Automatic;
				DEVELOPMENT_TEAM = L46TRT37S6;
				INFOPLIST_FILE = "Joystick Junkies/Info.plist";
				IPHONEOS_DEPLOYMENT_TARGET = 11.0;
				LD_RUNPATH_SEARCH_PATHS = "$(inherited) @executable_path/Frameworks";
				PRODUCT_BUNDLE_IDENTIFIER = "edu.nwmissouri.Joystick-Junkies";
				PRODUCT_NAME = "$(TARGET_NAME)";
				SWIFT_VERSION = 4.0;
				TARGETED_DEVICE_FAMILY = "1,2";
			};
			name = Debug;
		};
		3F4AE3B12036AAA6002B06CE /* Release */ = {
			isa = XCBuildConfiguration;
			baseConfigurationReference = 474FE03EE6A7BC93C5EF6284 /* Pods-Joystick Junkies.release.xcconfig */;
			buildSettings = {
				ASSETCATALOG_COMPILER_APPICON_NAME = AppIcon;
				CODE_SIGN_STYLE = Automatic;
				DEVELOPMENT_TEAM = L46TRT37S6;
				INFOPLIST_FILE = "Joystick Junkies/Info.plist";
				IPHONEOS_DEPLOYMENT_TARGET = 11.0;
				LD_RUNPATH_SEARCH_PATHS = "$(inherited) @executable_path/Frameworks";
				PRODUCT_BUNDLE_IDENTIFIER = "edu.nwmissouri.Joystick-Junkies";
				PRODUCT_NAME = "$(TARGET_NAME)";
				SWIFT_VERSION = 4.0;
				TARGETED_DEVICE_FAMILY = "1,2";
			};
			name = Release;
		};
/* End XCBuildConfiguration section */

/* Begin XCConfigurationList section */
		3F4AE3982036AAA5002B06CE /* Build configuration list for PBXProject "Joystick Junkies" */ = {
			isa = XCConfigurationList;
			buildConfigurations = (
				3F4AE3AD2036AAA6002B06CE /* Debug */,
				3F4AE3AE2036AAA6002B06CE /* Release */,
			);
			defaultConfigurationIsVisible = 0;
			defaultConfigurationName = Release;
		};
		3F4AE3AF2036AAA6002B06CE /* Build configuration list for PBXNativeTarget "Joystick Junkies" */ = {
			isa = XCConfigurationList;
			buildConfigurations = (
				3F4AE3B02036AAA6002B06CE /* Debug */,
				3F4AE3B12036AAA6002B06CE /* Release */,
			);
			defaultConfigurationIsVisible = 0;
			defaultConfigurationName = Release;
		};
/* End XCConfigurationList section */
	};
	rootObject = 3F4AE3952036AAA5002B06CE /* Project object */;
}
